
Microsoft Visual Studio Solution File, Format Version 12.00
# Visual Studio Version 17
VisualStudioVersion = 17.14.36811.4 d17.14
MinimumVisualStudioVersion = 10.0.40219.1
Project("{FAE04EC0-301F-11D3-BF4B-00C04F79EFBC}") = "GarageSpace.Contracts", "GarageSpace.Contracts\GarageSpace.Contracts.csproj", "{A5C51FB5-6553-4B77-9D76-9739758759A5}"
EndProject
Global
	GlobalSection(SolutionConfigurationPlatforms) = preSolution
		Debug|Any CPU = Debug|Any CPU
		Release|Any CPU = Release|Any CPU
	EndGlobalSection
	GlobalSection(ProjectConfigurationPlatforms) = postSolution
		{A5C51FB5-6553-4B77-9D76-9739758759A5}.Debug|Any CPU.ActiveCfg = Debug|Any CPU
		{A5C51FB5-6553-4B77-9D76-9739758759A5}.Debug|Any CPU.Build.0 = Debug|Any CPU
		{A5C51FB5-6553-4B77-9D76-9739758759A5}.Release|Any CPU.ActiveCfg = Release|Any CPU
		{A5C51FB5-6553-4B77-9D76-9739758759A5}.Release|Any CPU.Build.0 = Release|Any CPU
	EndGlobalSection
	GlobalSection(SolutionProperties) = preSolution
		HideSolutionNode = FALSE
	EndGlobalSection
	GlobalSection(ExtensibilityGlobals) = postSolution
		SolutionGuid = {ED56DE95-AA40-49B8-B967-16188F427392}
	EndGlobalSection
EndGlobal
